// !$*UTF8*$!
{
	archiveVersion = 1;
	classes = {
	};
	objectVersion = 46;
	objects = {

/* Begin PBXBuildFile section */
		889D6E5A1BB24639001C4244 /* 1.png in Resources */ = {isa = PBXBuildFile; fileRef = 889D6E591BB24639001C4244 /* 1.png */; };
		889D6E5E1BB2741D001C4244 /* 4.png in Resources */ = {isa = PBXBuildFile; fileRef = 889D6E5D1BB2741D001C4244 /* 4.png */; };
		889D6E601BB27460001C4244 /* 2.png in Resources */ = {isa = PBXBuildFile; fileRef = 889D6E5F1BB27460001C4244 /* 2.png */; };
		8B01DCC41BC2EC0800B83477 /* JCCollectionViewTagFlowLayout.m in Sources */ = {isa = PBXBuildFile; fileRef = 8B01DCBF1BC2EC0800B83477 /* JCCollectionViewTagFlowLayout.m */; };
		8B01DCC51BC2EC0800B83477 /* JCTagCell.m in Sources */ = {isa = PBXBuildFile; fileRef = 8B01DCC11BC2EC0800B83477 /* JCTagCell.m */; };
		8B01DCC61BC2EC0800B83477 /* JCTagListView.m in Sources */ = {isa = PBXBuildFile; fileRef = 8B01DCC31BC2EC0800B83477 /* JCTagListView.m */; };
		8B3D6E121BB8D6000090D3EB /* ChangePasswordViewController.m in Sources */ = {isa = PBXBuildFile; fileRef = 8B3D6E111BB8D6000090D3EB /* ChangePasswordViewController.m */; };
		8B7D102C1BBA2EA700F6C977 /* UIImageButton.m in Sources */ = {isa = PBXBuildFile; fileRef = 8B7D10241BBA2EA700F6C977 /* UIImageButton.m */; };
		8B7D102D1BBA2EA700F6C977 /* UIView+ZTExtension.m in Sources */ = {isa = PBXBuildFile; fileRef = 8B7D10261BBA2EA700F6C977 /* UIView+ZTExtension.m */; };
		8B7D102E1BBA2EA700F6C977 /* UIView+ZTQuickControl.m in Sources */ = {isa = PBXBuildFile; fileRef = 8B7D10281BBA2EA700F6C977 /* UIView+ZTQuickControl.m */; };
		8B7D102F1BBA2EA700F6C977 /* ZTButton.m in Sources */ = {isa = PBXBuildFile; fileRef = 8B7D102A1BBA2EA700F6C977 /* ZTButton.m */; };
		8B7D10331BBA31E100F6C977 /* ZJLoopScrollView.m in Sources */ = {isa = PBXBuildFile; fileRef = 8B7D10321BBA31E100F6C977 /* ZJLoopScrollView.m */; };
		8B7D10371BBA5F7500F6C977 /* newWorld.png in Resources */ = {isa = PBXBuildFile; fileRef = 8B7D10361BBA5F7500F6C977 /* newWorld.png */; };
		8B95AC611BAC233A001D54E2 /* main.m in Sources */ = {isa = PBXBuildFile; fileRef = 8B95AC601BAC233A001D54E2 /* main.m */; };
		8B95AC641BAC233A001D54E2 /* AppDelegate.m in Sources */ = {isa = PBXBuildFile; fileRef = 8B95AC631BAC233A001D54E2 /* AppDelegate.m */; };
		8B95AC7E1BAC233A001D54E2 /* OneDayTests.m in Sources */ = {isa = PBXBuildFile; fileRef = 8B95AC7D1BAC233A001D54E2 /* OneDayTests.m */; };
		8BDD283C1BB234AA008BB393 /* ECPercentDrivenInteractiveTransition.m in Sources */ = {isa = PBXBuildFile; fileRef = 8BDD28181BB234AA008BB393 /* ECPercentDrivenInteractiveTransition.m */; };
		8BDD283D1BB234AA008BB393 /* ECSlidingAnimationController.m in Sources */ = {isa = PBXBuildFile; fileRef = 8BDD281A1BB234AA008BB393 /* ECSlidingAnimationController.m */; };
		8BDD283E1BB234AA008BB393 /* ECSlidingInteractiveTransition.m in Sources */ = {isa = PBXBuildFile; fileRef = 8BDD281D1BB234AA008BB393 /* ECSlidingInteractiveTransition.m */; };
		8BDD283F1BB234AA008BB393 /* ECSlidingSegue.m in Sources */ = {isa = PBXBuildFile; fileRef = 8BDD281F1BB234AA008BB393 /* ECSlidingSegue.m */; };
		8BDD28401BB234AA008BB393 /* ECSlidingViewController.m in Sources */ = {isa = PBXBuildFile; fileRef = 8BDD28211BB234AA008BB393 /* ECSlidingViewController.m */; };
		8BDD28411BB234AA008BB393 /* UIViewController+ECSlidingViewController.m in Sources */ = {isa = PBXBuildFile; fileRef = 8BDD28231BB234AA008BB393 /* UIViewController+ECSlidingViewController.m */; };
		8BDD28421BB234AA008BB393 /* WZFlashButton.m in Sources */ = {isa = PBXBuildFile; fileRef = 8BDD28251BB234AA008BB393 /* WZFlashButton.m */; };
		8BDD28461BB234AA008BB393 /* OneDay.xcdatamodeld in Sources */ = {isa = PBXBuildFile; fileRef = 8BDD282F1BB234AA008BB393 /* OneDay.xcdatamodeld */; };
		8BDD28471BB234AA008BB393 /* storageMgr.m in Sources */ = {isa = PBXBuildFile; fileRef = 8BDD28331BB234AA008BB393 /* storageMgr.m */; };
		8BDD28481BB234AA008BB393 /* Utilities.m in Sources */ = {isa = PBXBuildFile; fileRef = 8BDD28351BB234AA008BB393 /* Utilities.m */; };
		8BDD28801BB23575008BB393 /* calendarViewController.m in Sources */ = {isa = PBXBuildFile; fileRef = 8BDD28501BB23575008BB393 /* calendarViewController.m */; };
		8BDD28821BB23575008BB393 /* dayListViewController.m in Sources */ = {isa = PBXBuildFile; fileRef = 8BDD28541BB23575008BB393 /* dayListViewController.m */; };
		8BDD28831BB23575008BB393 /* HMImageModel.m in Sources */ = {isa = PBXBuildFile; fileRef = 8BDD28561BB23575008BB393 /* HMImageModel.m */; };
		8BDD28841BB23575008BB393 /* introduceViewController.m in Sources */ = {isa = PBXBuildFile; fileRef = 8BDD28581BB23575008BB393 /* introduceViewController.m */; };
		8BDD28851BB23575008BB393 /* issueViewController.m in Sources */ = {isa = PBXBuildFile; fileRef = 8BDD285A1BB23575008BB393 /* issueViewController.m */; };
		8BDD28861BB23575008BB393 /* leftViewController.m in Sources */ = {isa = PBXBuildFile; fileRef = 8BDD285C1BB23575008BB393 /* leftViewController.m */; };
		8BDD28871BB23575008BB393 /* logInViewController.m in Sources */ = {isa = PBXBuildFile; fileRef = 8BDD285E1BB23575008BB393 /* logInViewController.m */; };
		8BDD28881BB23575008BB393 /* myAccountViewController.m in Sources */ = {isa = PBXBuildFile; fileRef = 8BDD28601BB23575008BB393 /* myAccountViewController.m */; };
		8BDD28891BB23575008BB393 /* navigationController.m in Sources */ = {isa = PBXBuildFile; fileRef = 8BDD28621BB23575008BB393 /* navigationController.m */; };
		8BDD288A1BB23575008BB393 /* personalDataViewController.m in Sources */ = {isa = PBXBuildFile; fileRef = 8BDD28641BB23575008BB393 /* personalDataViewController.m */; };
		8BDD288B1BB23575008BB393 /* pickDateViewController.m in Sources */ = {isa = PBXBuildFile; fileRef = 8BDD28661BB23575008BB393 /* pickDateViewController.m */; };
		8BDD288C1BB23575008BB393 /* registerViewController.m in Sources */ = {isa = PBXBuildFile; fileRef = 8BDD28681BB23575008BB393 /* registerViewController.m */; };
		8BDD288D1BB23575008BB393 /* setDayListViewController.m in Sources */ = {isa = PBXBuildFile; fileRef = 8BDD286A1BB23575008BB393 /* setDayListViewController.m */; };
		8BDD288E1BB23575008BB393 /* settingUpViewController.m in Sources */ = {isa = PBXBuildFile; fileRef = 8BDD286C1BB23575008BB393 /* settingUpViewController.m */; };
		8BDD288F1BB23575008BB393 /* SplashscreenViewController.m in Sources */ = {isa = PBXBuildFile; fileRef = 8BDD286E1BB23575008BB393 /* SplashscreenViewController.m */; };
		8BDD28901BB23575008BB393 /* TabBarController.m in Sources */ = {isa = PBXBuildFile; fileRef = 8BDD28701BB23575008BB393 /* TabBarController.m */; };
		8BDD28921BB23575008BB393 /* UIView+FrameExpand.m in Sources */ = {isa = PBXBuildFile; fileRef = 8BDD28741BB23575008BB393 /* UIView+FrameExpand.m */; };
		8BDD28931BB23575008BB393 /* weekDaysViewController.m in Sources */ = {isa = PBXBuildFile; fileRef = 8BDD28761BB23575008BB393 /* weekDaysViewController.m */; };
		8BDD28961BB23575008BB393 /* 3.png in Resources */ = {isa = PBXBuildFile; fileRef = 8BDD287A1BB23575008BB393 /* 3.png */; };
		8BDD28971BB23575008BB393 /* 5.png in Resources */ = {isa = PBXBuildFile; fileRef = 8BDD287B1BB23575008BB393 /* 5.png */; };
		8BDD28991BB23575008BB393 /* Images.xcassets in Resources */ = {isa = PBXBuildFile; fileRef = 8BDD287D1BB23575008BB393 /* Images.xcassets */; };
		8BDD289A1BB23575008BB393 /* LaunchScreen.xib in Resources */ = {isa = PBXBuildFile; fileRef = 8BDD287E1BB23575008BB393 /* LaunchScreen.xib */; };
		8BDD289B1BB23575008BB393 /* Main.storyboard in Resources */ = {isa = PBXBuildFile; fileRef = 8BDD287F1BB23575008BB393 /* Main.storyboard */; };
		8BDD28A51BB2381E008BB393 /* Bolts.framework in Frameworks */ = {isa = PBXBuildFile; fileRef = 8BDD28A31BB2381E008BB393 /* Bolts.framework */; };
		8BDD28A61BB2381E008BB393 /* Parse.framework in Frameworks */ = {isa = PBXBuildFile; fileRef = 8BDD28A41BB2381E008BB393 /* Parse.framework */; };
		8BDD28A81BB2382D008BB393 /* libsqlite3.dylib in Frameworks */ = {isa = PBXBuildFile; fileRef = 8BDD28A71BB2382D008BB393 /* libsqlite3.dylib */; };
		8BDD28AA1BB2383F008BB393 /* AudioToolbox.framework in Frameworks */ = {isa = PBXBuildFile; fileRef = 8BDD28A91BB2383F008BB393 /* AudioToolbox.framework */; };
		8BDD28AC1BB2384C008BB393 /* SystemConfiguration.framework in Frameworks */ = {isa = PBXBuildFile; fileRef = 8BDD28AB1BB2384C008BB393 /* SystemConfiguration.framework */; };
		8BE797EA1BC61FCB00DBFF8C /* NSDate+Utility.m in Sources */ = {isa = PBXBuildFile; fileRef = 8BE797E71BC61FCB00DBFF8C /* NSDate+Utility.m */; };
		8BE797EB1BC61FCB00DBFF8C /* NSDateFormatter+Category.m in Sources */ = {isa = PBXBuildFile; fileRef = 8BE797E91BC61FCB00DBFF8C /* NSDateFormatter+Category.m */; };
		B2F1297E1BB4EB0A0041EBE6 /* JTCalendarManager.m in Sources */ = {isa = PBXBuildFile; fileRef = B2F129791BB4EB0A0041EBE6 /* JTCalendarManager.m */; };
		B2F1297F1BB4EB0A0041EBE6 /* JTCalendarSettings.m in Sources */ = {isa = PBXBuildFile; fileRef = B2F1297B1BB4EB0A0041EBE6 /* JTCalendarSettings.m */; };
		B2F129801BB4EB0A0041EBE6 /* JTDateHelper.m in Sources */ = {isa = PBXBuildFile; fileRef = B2F1297D1BB4EB0A0041EBE6 /* JTDateHelper.m */; };
		B2F129851BB4EB210041EBE6 /* JTCalendarDelegateManager.m in Sources */ = {isa = PBXBuildFile; fileRef = B2F129821BB4EB210041EBE6 /* JTCalendarDelegateManager.m */; };
		B2F129861BB4EB210041EBE6 /* JTCalendarScrollManager.m in Sources */ = {isa = PBXBuildFile; fileRef = B2F129841BB4EB210041EBE6 /* JTCalendarScrollManager.m */; };
		B2F1299B1BB4EB430041EBE6 /* JTCalendarDayView.m in Sources */ = {isa = PBXBuildFile; fileRef = B2F1298E1BB4EB430041EBE6 /* JTCalendarDayView.m */; };
		B2F1299C1BB4EB430041EBE6 /* JTCalendarMenuView.m in Sources */ = {isa = PBXBuildFile; fileRef = B2F129901BB4EB430041EBE6 /* JTCalendarMenuView.m */; };
		B2F1299D1BB4EB430041EBE6 /* JTCalendarPageView.m in Sources */ = {isa = PBXBuildFile; fileRef = B2F129921BB4EB430041EBE6 /* JTCalendarPageView.m */; };
		B2F1299E1BB4EB430041EBE6 /* JTCalendarWeekDayView.m in Sources */ = {isa = PBXBuildFile; fileRef = B2F129941BB4EB430041EBE6 /* JTCalendarWeekDayView.m */; };
		B2F1299F1BB4EB430041EBE6 /* JTCalendarWeekView.m in Sources */ = {isa = PBXBuildFile; fileRef = B2F129961BB4EB430041EBE6 /* JTCalendarWeekView.m */; };
		B2F129A01BB4EB430041EBE6 /* JTHorizontalCalendarView.m in Sources */ = {isa = PBXBuildFile; fileRef = B2F129981BB4EB430041EBE6 /* JTHorizontalCalendarView.m */; };
		B2F129A11BB4EB430041EBE6 /* JTVerticalCalendarView.m in Sources */ = {isa = PBXBuildFile; fileRef = B2F1299A1BB4EB430041EBE6 /* JTVerticalCalendarView.m */; };
		B2F56D901BB8C19900ECD248 /* TableViewCell.m in Sources */ = {isa = PBXBuildFile; fileRef = B2F56D8F1BB8C19900ECD248 /* TableViewCell.m */; };
/* End PBXBuildFile section */

/* Begin PBXContainerItemProxy section */
		8B95AC781BAC233A001D54E2 /* PBXContainerItemProxy */ = {
			isa = PBXContainerItemProxy;
			containerPortal = 8B95AC531BAC2339001D54E2 /* Project object */;
			proxyType = 1;
			remoteGlobalIDString = 8B95AC5A1BAC2339001D54E2;
			remoteInfo = OneDay;
		};
/* End PBXContainerItemProxy section */

/* Begin PBXFileReference section */
		889D6E591BB24639001C4244 /* 1.png */ = {isa = PBXFileReference; lastKnownFileType = image.png; path = 1.png; sourceTree = "<group>"; };
		889D6E5D1BB2741D001C4244 /* 4.png */ = {isa = PBXFileReference; lastKnownFileType = image.png; path = 4.png; sourceTree = "<group>"; };
		889D6E5F1BB27460001C4244 /* 2.png */ = {isa = PBXFileReference; lastKnownFileType = image.png; path = 2.png; sourceTree = "<group>"; };
		8B01DCBE1BC2EC0800B83477 /* JCCollectionViewTagFlowLayout.h */ = {isa = PBXFileReference; fileEncoding = 4; lastKnownFileType = sourcecode.c.h; path = JCCollectionViewTagFlowLayout.h; sourceTree = "<group>"; };
		8B01DCBF1BC2EC0800B83477 /* JCCollectionViewTagFlowLayout.m */ = {isa = PBXFileReference; fileEncoding = 4; lastKnownFileType = sourcecode.c.objc; path = JCCollectionViewTagFlowLayout.m; sourceTree = "<group>"; };
		8B01DCC01BC2EC0800B83477 /* JCTagCell.h */ = {isa = PBXFileReference; fileEncoding = 4; lastKnownFileType = sourcecode.c.h; path = JCTagCell.h; sourceTree = "<group>"; };
		8B01DCC11BC2EC0800B83477 /* JCTagCell.m */ = {isa = PBXFileReference; fileEncoding = 4; lastKnownFileType = sourcecode.c.objc; path = JCTagCell.m; sourceTree = "<group>"; };
		8B01DCC21BC2EC0800B83477 /* JCTagListView.h */ = {isa = PBXFileReference; fileEncoding = 4; lastKnownFileType = sourcecode.c.h; path = JCTagListView.h; sourceTree = "<group>"; };
		8B01DCC31BC2EC0800B83477 /* JCTagListView.m */ = {isa = PBXFileReference; fileEncoding = 4; lastKnownFileType = sourcecode.c.objc; path = JCTagListView.m; sourceTree = "<group>"; };
		8B3D6E101BB8D6000090D3EB /* ChangePasswordViewController.h */ = {isa = PBXFileReference; fileEncoding = 4; lastKnownFileType = sourcecode.c.h; path = ChangePasswordViewController.h; sourceTree = "<group>"; };
		8B3D6E111BB8D6000090D3EB /* ChangePasswordViewController.m */ = {isa = PBXFileReference; fileEncoding = 4; lastKnownFileType = sourcecode.c.objc; path = ChangePasswordViewController.m; sourceTree = "<group>"; };
		8B7D10231BBA2EA700F6C977 /* UIImageButton.h */ = {isa = PBXFileReference; fileEncoding = 4; lastKnownFileType = sourcecode.c.h; path = UIImageButton.h; sourceTree = "<group>"; };
		8B7D10241BBA2EA700F6C977 /* UIImageButton.m */ = {isa = PBXFileReference; fileEncoding = 4; lastKnownFileType = sourcecode.c.objc; path = UIImageButton.m; sourceTree = "<group>"; };
		8B7D10251BBA2EA700F6C977 /* UIView+ZTExtension.h */ = {isa = PBXFileReference; fileEncoding = 4; lastKnownFileType = sourcecode.c.h; path = "UIView+ZTExtension.h"; sourceTree = "<group>"; };
		8B7D10261BBA2EA700F6C977 /* UIView+ZTExtension.m */ = {isa = PBXFileReference; fileEncoding = 4; lastKnownFileType = sourcecode.c.objc; path = "UIView+ZTExtension.m"; sourceTree = "<group>"; };
		8B7D10271BBA2EA700F6C977 /* UIView+ZTQuickControl.h */ = {isa = PBXFileReference; fileEncoding = 4; lastKnownFileType = sourcecode.c.h; path = "UIView+ZTQuickControl.h"; sourceTree = "<group>"; };
		8B7D10281BBA2EA700F6C977 /* UIView+ZTQuickControl.m */ = {isa = PBXFileReference; fileEncoding = 4; lastKnownFileType = sourcecode.c.objc; path = "UIView+ZTQuickControl.m"; sourceTree = "<group>"; };
		8B7D10291BBA2EA700F6C977 /* ZTButton.h */ = {isa = PBXFileReference; fileEncoding = 4; lastKnownFileType = sourcecode.c.h; path = ZTButton.h; sourceTree = "<group>"; };
		8B7D102A1BBA2EA700F6C977 /* ZTButton.m */ = {isa = PBXFileReference; fileEncoding = 4; lastKnownFileType = sourcecode.c.objc; path = ZTButton.m; sourceTree = "<group>"; };
		8B7D102B1BBA2EA700F6C977 /* ZTQuickControl.h */ = {isa = PBXFileReference; fileEncoding = 4; lastKnownFileType = sourcecode.c.h; path = ZTQuickControl.h; sourceTree = "<group>"; };
		8B7D10311BBA31E100F6C977 /* ZJLoopScrollView.h */ = {isa = PBXFileReference; fileEncoding = 4; lastKnownFileType = sourcecode.c.h; path = ZJLoopScrollView.h; sourceTree = "<group>"; };
		8B7D10321BBA31E100F6C977 /* ZJLoopScrollView.m */ = {isa = PBXFileReference; fileEncoding = 4; lastKnownFileType = sourcecode.c.objc; path = ZJLoopScrollView.m; sourceTree = "<group>"; };
		8B7D10361BBA5F7500F6C977 /* newWorld.png */ = {isa = PBXFileReference; lastKnownFileType = image.png; path = newWorld.png; sourceTree = "<group>"; };
		8B95AC5B1BAC233A001D54E2 /* OneDay.app */ = {isa = PBXFileReference; explicitFileType = wrapper.application; includeInIndex = 0; path = OneDay.app; sourceTree = BUILT_PRODUCTS_DIR; };
		8B95AC5F1BAC233A001D54E2 /* Info.plist */ = {isa = PBXFileReference; lastKnownFileType = text.plist.xml; path = Info.plist; sourceTree = "<group>"; };
		8B95AC601BAC233A001D54E2 /* main.m */ = {isa = PBXFileReference; lastKnownFileType = sourcecode.c.objc; path = main.m; sourceTree = "<group>"; };
		8B95AC621BAC233A001D54E2 /* AppDelegate.h */ = {isa = PBXFileReference; lastKnownFileType = sourcecode.c.h; path = AppDelegate.h; sourceTree = "<group>"; };
		8B95AC631BAC233A001D54E2 /* AppDelegate.m */ = {isa = PBXFileReference; lastKnownFileType = sourcecode.c.objc; path = AppDelegate.m; sourceTree = "<group>"; };
		8B95AC771BAC233A001D54E2 /* OneDayTests.xctest */ = {isa = PBXFileReference; explicitFileType = wrapper.cfbundle; includeInIndex = 0; path = OneDayTests.xctest; sourceTree = BUILT_PRODUCTS_DIR; };
		8B95AC7C1BAC233A001D54E2 /* Info.plist */ = {isa = PBXFileReference; lastKnownFileType = text.plist.xml; path = Info.plist; sourceTree = "<group>"; };
		8B95AC7D1BAC233A001D54E2 /* OneDayTests.m */ = {isa = PBXFileReference; lastKnownFileType = sourcecode.c.objc; path = OneDayTests.m; sourceTree = "<group>"; };
		8BDD28171BB234AA008BB393 /* ECPercentDrivenInteractiveTransition.h */ = {isa = PBXFileReference; fileEncoding = 4; lastKnownFileType = sourcecode.c.h; path = ECPercentDrivenInteractiveTransition.h; sourceTree = "<group>"; };
		8BDD28181BB234AA008BB393 /* ECPercentDrivenInteractiveTransition.m */ = {isa = PBXFileReference; fileEncoding = 4; lastKnownFileType = sourcecode.c.objc; path = ECPercentDrivenInteractiveTransition.m; sourceTree = "<group>"; };
		8BDD28191BB234AA008BB393 /* ECSlidingAnimationController.h */ = {isa = PBXFileReference; fileEncoding = 4; lastKnownFileType = sourcecode.c.h; path = ECSlidingAnimationController.h; sourceTree = "<group>"; };
		8BDD281A1BB234AA008BB393 /* ECSlidingAnimationController.m */ = {isa = PBXFileReference; fileEncoding = 4; lastKnownFileType = sourcecode.c.objc; path = ECSlidingAnimationController.m; sourceTree = "<group>"; };
		8BDD281B1BB234AA008BB393 /* ECSlidingConstants.h */ = {isa = PBXFileReference; fileEncoding = 4; lastKnownFileType = sourcecode.c.h; path = ECSlidingConstants.h; sourceTree = "<group>"; };
		8BDD281C1BB234AA008BB393 /* ECSlidingInteractiveTransition.h */ = {isa = PBXFileReference; fileEncoding = 4; lastKnownFileType = sourcecode.c.h; path = ECSlidingInteractiveTransition.h; sourceTree = "<group>"; };
		8BDD281D1BB234AA008BB393 /* ECSlidingInteractiveTransition.m */ = {isa = PBXFileReference; fileEncoding = 4; lastKnownFileType = sourcecode.c.objc; path = ECSlidingInteractiveTransition.m; sourceTree = "<group>"; };
		8BDD281E1BB234AA008BB393 /* ECSlidingSegue.h */ = {isa = PBXFileReference; fileEncoding = 4; lastKnownFileType = sourcecode.c.h; path = ECSlidingSegue.h; sourceTree = "<group>"; };
		8BDD281F1BB234AA008BB393 /* ECSlidingSegue.m */ = {isa = PBXFileReference; fileEncoding = 4; lastKnownFileType = sourcecode.c.objc; path = ECSlidingSegue.m; sourceTree = "<group>"; };
		8BDD28201BB234AA008BB393 /* ECSlidingViewController.h */ = {isa = PBXFileReference; fileEncoding = 4; lastKnownFileType = sourcecode.c.h; path = ECSlidingViewController.h; sourceTree = "<group>"; };
		8BDD28211BB234AA008BB393 /* ECSlidingViewController.m */ = {isa = PBXFileReference; fileEncoding = 4; lastKnownFileType = sourcecode.c.objc; path = ECSlidingViewController.m; sourceTree = "<group>"; };
		8BDD28221BB234AA008BB393 /* UIViewController+ECSlidingViewController.h */ = {isa = PBXFileReference; fileEncoding = 4; lastKnownFileType = sourcecode.c.h; path = "UIViewController+ECSlidingViewController.h"; sourceTree = "<group>"; };
		8BDD28231BB234AA008BB393 /* UIViewController+ECSlidingViewController.m */ = {isa = PBXFileReference; fileEncoding = 4; lastKnownFileType = sourcecode.c.objc; path = "UIViewController+ECSlidingViewController.m"; sourceTree = "<group>"; };
		8BDD28241BB234AA008BB393 /* WZFlashButton.h */ = {isa = PBXFileReference; fileEncoding = 4; lastKnownFileType = sourcecode.c.h; path = WZFlashButton.h; sourceTree = "<group>"; };
		8BDD28251BB234AA008BB393 /* WZFlashButton.m */ = {isa = PBXFileReference; fileEncoding = 4; lastKnownFileType = sourcecode.c.objc; path = WZFlashButton.m; sourceTree = "<group>"; };
		8BDD28271BB234AA008BB393 /* Constants.h */ = {isa = PBXFileReference; fileEncoding = 4; lastKnownFileType = sourcecode.c.h; path = Constants.h; sourceTree = "<group>"; };
		8BDD28301BB234AA008BB393 /* OneDay.xcdatamodel */ = {isa = PBXFileReference; lastKnownFileType = wrapper.xcdatamodel; path = OneDay.xcdatamodel; sourceTree = "<group>"; };
		8BDD28321BB234AA008BB393 /* storageMgr.h */ = {isa = PBXFileReference; fileEncoding = 4; lastKnownFileType = sourcecode.c.h; path = storageMgr.h; sourceTree = "<group>"; };
		8BDD28331BB234AA008BB393 /* storageMgr.m */ = {isa = PBXFileReference; fileEncoding = 4; lastKnownFileType = sourcecode.c.objc; path = storageMgr.m; sourceTree = "<group>"; };
		8BDD28341BB234AA008BB393 /* Utilities.h */ = {isa = PBXFileReference; fileEncoding = 4; lastKnownFileType = sourcecode.c.h; path = Utilities.h; sourceTree = "<group>"; };
		8BDD28351BB234AA008BB393 /* Utilities.m */ = {isa = PBXFileReference; fileEncoding = 4; lastKnownFileType = sourcecode.c.objc; path = Utilities.m; sourceTree = "<group>"; };
		8BDD284F1BB23575008BB393 /* calendarViewController.h */ = {isa = PBXFileReference; fileEncoding = 4; lastKnownFileType = sourcecode.c.h; path = calendarViewController.h; sourceTree = "<group>"; };
		8BDD28501BB23575008BB393 /* calendarViewController.m */ = {isa = PBXFileReference; fileEncoding = 4; lastKnownFileType = sourcecode.c.objc; path = calendarViewController.m; sourceTree = "<group>"; };
		8BDD28531BB23575008BB393 /* dayListViewController.h */ = {isa = PBXFileReference; fileEncoding = 4; lastKnownFileType = sourcecode.c.h; path = dayListViewController.h; sourceTree = "<group>"; };
		8BDD28541BB23575008BB393 /* dayListViewController.m */ = {isa = PBXFileReference; fileEncoding = 4; lastKnownFileType = sourcecode.c.objc; path = dayListViewController.m; sourceTree = "<group>"; };
		8BDD28551BB23575008BB393 /* HMImageModel.h */ = {isa = PBXFileReference; fileEncoding = 4; lastKnownFileType = sourcecode.c.h; path = HMImageModel.h; sourceTree = "<group>"; };
		8BDD28561BB23575008BB393 /* HMImageModel.m */ = {isa = PBXFileReference; fileEncoding = 4; lastKnownFileType = sourcecode.c.objc; path = HMImageModel.m; sourceTree = "<group>"; };
		8BDD28571BB23575008BB393 /* introduceViewController.h */ = {isa = PBXFileReference; fileEncoding = 4; lastKnownFileType = sourcecode.c.h; path = introduceViewController.h; sourceTree = "<group>"; };
		8BDD28581BB23575008BB393 /* introduceViewController.m */ = {isa = PBXFileReference; fileEncoding = 4; lastKnownFileType = sourcecode.c.objc; path = introduceViewController.m; sourceTree = "<group>"; };
		8BDD28591BB23575008BB393 /* issueViewController.h */ = {isa = PBXFileReference; fileEncoding = 4; lastKnownFileType = sourcecode.c.h; path = issueViewController.h; sourceTree = "<group>"; };
		8BDD285A1BB23575008BB393 /* issueViewController.m */ = {isa = PBXFileReference; fileEncoding = 4; lastKnownFileType = sourcecode.c.objc; path = issueViewController.m; sourceTree = "<group>"; };
		8BDD285B1BB23575008BB393 /* leftViewController.h */ = {isa = PBXFileReference; fileEncoding = 4; lastKnownFileType = sourcecode.c.h; path = leftViewController.h; sourceTree = "<group>"; };
		8BDD285C1BB23575008BB393 /* leftViewController.m */ = {isa = PBXFileReference; fileEncoding = 4; lastKnownFileType = sourcecode.c.objc; path = leftViewController.m; sourceTree = "<group>"; };
		8BDD285D1BB23575008BB393 /* logInViewController.h */ = {isa = PBXFileReference; fileEncoding = 4; lastKnownFileType = sourcecode.c.h; path = logInViewController.h; sourceTree = "<group>"; };
		8BDD285E1BB23575008BB393 /* logInViewController.m */ = {isa = PBXFileReference; fileEncoding = 4; lastKnownFileType = sourcecode.c.objc; path = logInViewController.m; sourceTree = "<group>"; };
		8BDD285F1BB23575008BB393 /* myAccountViewController.h */ = {isa = PBXFileReference; fileEncoding = 4; lastKnownFileType = sourcecode.c.h; path = myAccountViewController.h; sourceTree = "<group>"; };
		8BDD28601BB23575008BB393 /* myAccountViewController.m */ = {isa = PBXFileReference; fileEncoding = 4; lastKnownFileType = sourcecode.c.objc; path = myAccountViewController.m; sourceTree = "<group>"; };
		8BDD28611BB23575008BB393 /* navigationController.h */ = {isa = PBXFileReference; fileEncoding = 4; lastKnownFileType = sourcecode.c.h; path = navigationController.h; sourceTree = "<group>"; };
		8BDD28621BB23575008BB393 /* navigationController.m */ = {isa = PBXFileReference; fileEncoding = 4; lastKnownFileType = sourcecode.c.objc; path = navigationController.m; sourceTree = "<group>"; };
		8BDD28631BB23575008BB393 /* personalDataViewController.h */ = {isa = PBXFileReference; fileEncoding = 4; lastKnownFileType = sourcecode.c.h; path = personalDataViewController.h; sourceTree = "<group>"; };
		8BDD28641BB23575008BB393 /* personalDataViewController.m */ = {isa = PBXFileReference; fileEncoding = 4; lastKnownFileType = sourcecode.c.objc; path = personalDataViewController.m; sourceTree = "<group>"; };
		8BDD28651BB23575008BB393 /* pickDateViewController.h */ = {isa = PBXFileReference; fileEncoding = 4; lastKnownFileType = sourcecode.c.h; path = pickDateViewController.h; sourceTree = "<group>"; };
		8BDD28661BB23575008BB393 /* pickDateViewController.m */ = {isa = PBXFileReference; fileEncoding = 4; lastKnownFileType = sourcecode.c.objc; path = pickDateViewController.m; sourceTree = "<group>"; };
		8BDD28671BB23575008BB393 /* registerViewController.h */ = {isa = PBXFileReference; fileEncoding = 4; lastKnownFileType = sourcecode.c.h; path = registerViewController.h; sourceTree = "<group>"; };
		8BDD28681BB23575008BB393 /* registerViewController.m */ = {isa = PBXFileReference; fileEncoding = 4; lastKnownFileType = sourcecode.c.objc; path = registerViewController.m; sourceTree = "<group>"; };
		8BDD28691BB23575008BB393 /* setDayListViewController.h */ = {isa = PBXFileReference; fileEncoding = 4; lastKnownFileType = sourcecode.c.h; path = setDayListViewController.h; sourceTree = "<group>"; };
		8BDD286A1BB23575008BB393 /* setDayListViewController.m */ = {isa = PBXFileReference; fileEncoding = 4; lastKnownFileType = sourcecode.c.objc; path = setDayListViewController.m; sourceTree = "<group>"; };
		8BDD286B1BB23575008BB393 /* settingUpViewController.h */ = {isa = PBXFileReference; fileEncoding = 4; lastKnownFileType = sourcecode.c.h; path = settingUpViewController.h; sourceTree = "<group>"; };
		8BDD286C1BB23575008BB393 /* settingUpViewController.m */ = {isa = PBXFileReference; fileEncoding = 4; lastKnownFileType = sourcecode.c.objc; path = settingUpViewController.m; sourceTree = "<group>"; };
		8BDD286D1BB23575008BB393 /* SplashscreenViewController.h */ = {isa = PBXFileReference; fileEncoding = 4; lastKnownFileType = sourcecode.c.h; path = SplashscreenViewController.h; sourceTree = "<group>"; };
		8BDD286E1BB23575008BB393 /* SplashscreenViewController.m */ = {isa = PBXFileReference; fileEncoding = 4; lastKnownFileType = sourcecode.c.objc; path = SplashscreenViewController.m; sourceTree = "<group>"; };
		8BDD286F1BB23575008BB393 /* TabBarController.h */ = {isa = PBXFileReference; fileEncoding = 4; lastKnownFileType = sourcecode.c.h; path = TabBarController.h; sourceTree = "<group>"; };
		8BDD28701BB23575008BB393 /* TabBarController.m */ = {isa = PBXFileReference; fileEncoding = 4; lastKnownFileType = sourcecode.c.objc; path = TabBarController.m; sourceTree = "<group>"; };
		8BDD28731BB23575008BB393 /* UIView+FrameExpand.h */ = {isa = PBXFileReference; fileEncoding = 4; lastKnownFileType = sourcecode.c.h; path = "UIView+FrameExpand.h"; sourceTree = "<group>"; };
		8BDD28741BB23575008BB393 /* UIView+FrameExpand.m */ = {isa = PBXFileReference; fileEncoding = 4; lastKnownFileType = sourcecode.c.objc; path = "UIView+FrameExpand.m"; sourceTree = "<group>"; };
		8BDD28751BB23575008BB393 /* weekDaysViewController.h */ = {isa = PBXFileReference; fileEncoding = 4; lastKnownFileType = sourcecode.c.h; path = weekDaysViewController.h; sourceTree = "<group>"; };
		8BDD28761BB23575008BB393 /* weekDaysViewController.m */ = {isa = PBXFileReference; fileEncoding = 4; lastKnownFileType = sourcecode.c.objc; path = weekDaysViewController.m; sourceTree = "<group>"; };
		8BDD287A1BB23575008BB393 /* 3.png */ = {isa = PBXFileReference; lastKnownFileType = image.png; path = 3.png; sourceTree = "<group>"; };
		8BDD287B1BB23575008BB393 /* 5.png */ = {isa = PBXFileReference; lastKnownFileType = image.png; path = 5.png; sourceTree = "<group>"; };
		8BDD287D1BB23575008BB393 /* Images.xcassets */ = {isa = PBXFileReference; lastKnownFileType = folder.assetcatalog; path = Images.xcassets; sourceTree = "<group>"; };
		8BDD287E1BB23575008BB393 /* LaunchScreen.xib */ = {isa = PBXFileReference; fileEncoding = 4; lastKnownFileType = file.xib; path = LaunchScreen.xib; sourceTree = "<group>"; };
		8BDD287F1BB23575008BB393 /* Main.storyboard */ = {isa = PBXFileReference; fileEncoding = 4; lastKnownFileType = file.storyboard; path = Main.storyboard; sourceTree = "<group>"; };
		8BDD28A31BB2381E008BB393 /* Bolts.framework */ = {isa = PBXFileReference; lastKnownFileType = wrapper.framework; path = Bolts.framework; sourceTree = "<group>"; };
		8BDD28A41BB2381E008BB393 /* Parse.framework */ = {isa = PBXFileReference; lastKnownFileType = wrapper.framework; path = Parse.framework; sourceTree = "<group>"; };
		8BDD28A71BB2382D008BB393 /* libsqlite3.dylib */ = {isa = PBXFileReference; lastKnownFileType = "compiled.mach-o.dylib"; name = libsqlite3.dylib; path = usr/lib/libsqlite3.dylib; sourceTree = SDKROOT; };
		8BDD28A91BB2383F008BB393 /* AudioToolbox.framework */ = {isa = PBXFileReference; lastKnownFileType = wrapper.framework; name = AudioToolbox.framework; path = System/Library/Frameworks/AudioToolbox.framework; sourceTree = SDKROOT; };
		8BDD28AB1BB2384C008BB393 /* SystemConfiguration.framework */ = {isa = PBXFileReference; lastKnownFileType = wrapper.framework; name = SystemConfiguration.framework; path = System/Library/Frameworks/SystemConfiguration.framework; sourceTree = SDKROOT; };
		8BE797E61BC61FCB00DBFF8C /* NSDate+Utility.h */ = {isa = PBXFileReference; fileEncoding = 4; lastKnownFileType = sourcecode.c.h; path = "NSDate+Utility.h"; sourceTree = "<group>"; };
		8BE797E71BC61FCB00DBFF8C /* NSDate+Utility.m */ = {isa = PBXFileReference; fileEncoding = 4; lastKnownFileType = sourcecode.c.objc; path = "NSDate+Utility.m"; sourceTree = "<group>"; };
		8BE797E81BC61FCB00DBFF8C /* NSDateFormatter+Category.h */ = {isa = PBXFileReference; fileEncoding = 4; lastKnownFileType = sourcecode.c.h; path = "NSDateFormatter+Category.h"; sourceTree = "<group>"; };
		8BE797E91BC61FCB00DBFF8C /* NSDateFormatter+Category.m */ = {isa = PBXFileReference; fileEncoding = 4; lastKnownFileType = sourcecode.c.objc; path = "NSDateFormatter+Category.m"; sourceTree = "<group>"; };
		B2A3C3751BB128A6009E205D /* PrefixHeader.pch */ = {isa = PBXFileReference; fileEncoding = 4; lastKnownFileType = sourcecode.c.h; path = PrefixHeader.pch; sourceTree = "<group>"; };
		B2F129761BB4EB0A0041EBE6 /* JTCalendar.h */ = {isa = PBXFileReference; fileEncoding = 4; lastKnownFileType = sourcecode.c.h; path = JTCalendar.h; sourceTree = "<group>"; };
		B2F129771BB4EB0A0041EBE6 /* JTCalendarDelegate.h */ = {isa = PBXFileReference; fileEncoding = 4; lastKnownFileType = sourcecode.c.h; path = JTCalendarDelegate.h; sourceTree = "<group>"; };
		B2F129781BB4EB0A0041EBE6 /* JTCalendarManager.h */ = {isa = PBXFileReference; fileEncoding = 4; lastKnownFileType = sourcecode.c.h; path = JTCalendarManager.h; sourceTree = "<group>"; };
		B2F129791BB4EB0A0041EBE6 /* JTCalendarManager.m */ = {isa = PBXFileReference; fileEncoding = 4; lastKnownFileType = sourcecode.c.objc; path = JTCalendarManager.m; sourceTree = "<group>"; };
		B2F1297A1BB4EB0A0041EBE6 /* JTCalendarSettings.h */ = {isa = PBXFileReference; fileEncoding = 4; lastKnownFileType = sourcecode.c.h; path = JTCalendarSettings.h; sourceTree = "<group>"; };
		B2F1297B1BB4EB0A0041EBE6 /* JTCalendarSettings.m */ = {isa = PBXFileReference; fileEncoding = 4; lastKnownFileType = sourcecode.c.objc; path = JTCalendarSettings.m; sourceTree = "<group>"; };
		B2F1297C1BB4EB0A0041EBE6 /* JTDateHelper.h */ = {isa = PBXFileReference; fileEncoding = 4; lastKnownFileType = sourcecode.c.h; path = JTDateHelper.h; sourceTree = "<group>"; };
		B2F1297D1BB4EB0A0041EBE6 /* JTDateHelper.m */ = {isa = PBXFileReference; fileEncoding = 4; lastKnownFileType = sourcecode.c.objc; path = JTDateHelper.m; sourceTree = "<group>"; };
		B2F129811BB4EB210041EBE6 /* JTCalendarDelegateManager.h */ = {isa = PBXFileReference; fileEncoding = 4; lastKnownFileType = sourcecode.c.h; path = JTCalendarDelegateManager.h; sourceTree = "<group>"; };
		B2F129821BB4EB210041EBE6 /* JTCalendarDelegateManager.m */ = {isa = PBXFileReference; fileEncoding = 4; lastKnownFileType = sourcecode.c.objc; path = JTCalendarDelegateManager.m; sourceTree = "<group>"; };
		B2F129831BB4EB210041EBE6 /* JTCalendarScrollManager.h */ = {isa = PBXFileReference; fileEncoding = 4; lastKnownFileType = sourcecode.c.h; path = JTCalendarScrollManager.h; sourceTree = "<group>"; };
		B2F129841BB4EB210041EBE6 /* JTCalendarScrollManager.m */ = {isa = PBXFileReference; fileEncoding = 4; lastKnownFileType = sourcecode.c.objc; path = JTCalendarScrollManager.m; sourceTree = "<group>"; };
		B2F129871BB4EB2F0041EBE6 /* JTCalendarDay.h */ = {isa = PBXFileReference; fileEncoding = 4; lastKnownFileType = sourcecode.c.h; path = JTCalendarDay.h; sourceTree = "<group>"; };
		B2F129881BB4EB2F0041EBE6 /* JTCalendarPage.h */ = {isa = PBXFileReference; fileEncoding = 4; lastKnownFileType = sourcecode.c.h; path = JTCalendarPage.h; sourceTree = "<group>"; };
		B2F129891BB4EB2F0041EBE6 /* JTCalendarWeek.h */ = {isa = PBXFileReference; fileEncoding = 4; lastKnownFileType = sourcecode.c.h; path = JTCalendarWeek.h; sourceTree = "<group>"; };
		B2F1298A1BB4EB2F0041EBE6 /* JTCalendarWeekDay.h */ = {isa = PBXFileReference; fileEncoding = 4; lastKnownFileType = sourcecode.c.h; path = JTCalendarWeekDay.h; sourceTree = "<group>"; };
		B2F1298B1BB4EB2F0041EBE6 /* JTContent.h */ = {isa = PBXFileReference; fileEncoding = 4; lastKnownFileType = sourcecode.c.h; path = JTContent.h; sourceTree = "<group>"; };
		B2F1298C1BB4EB2F0041EBE6 /* JTMenu.h */ = {isa = PBXFileReference; fileEncoding = 4; lastKnownFileType = sourcecode.c.h; path = JTMenu.h; sourceTree = "<group>"; };
		B2F1298D1BB4EB430041EBE6 /* JTCalendarDayView.h */ = {isa = PBXFileReference; fileEncoding = 4; lastKnownFileType = sourcecode.c.h; path = JTCalendarDayView.h; sourceTree = "<group>"; };
		B2F1298E1BB4EB430041EBE6 /* JTCalendarDayView.m */ = {isa = PBXFileReference; fileEncoding = 4; lastKnownFileType = sourcecode.c.objc; path = JTCalendarDayView.m; sourceTree = "<group>"; };
		B2F1298F1BB4EB430041EBE6 /* JTCalendarMenuView.h */ = {isa = PBXFileReference; fileEncoding = 4; lastKnownFileType = sourcecode.c.h; path = JTCalendarMenuView.h; sourceTree = "<group>"; };
		B2F129901BB4EB430041EBE6 /* JTCalendarMenuView.m */ = {isa = PBXFileReference; fileEncoding = 4; lastKnownFileType = sourcecode.c.objc; path = JTCalendarMenuView.m; sourceTree = "<group>"; };
		B2F129911BB4EB430041EBE6 /* JTCalendarPageView.h */ = {isa = PBXFileReference; fileEncoding = 4; lastKnownFileType = sourcecode.c.h; path = JTCalendarPageView.h; sourceTree = "<group>"; };
		B2F129921BB4EB430041EBE6 /* JTCalendarPageView.m */ = {isa = PBXFileReference; fileEncoding = 4; lastKnownFileType = sourcecode.c.objc; path = JTCalendarPageView.m; sourceTree = "<group>"; };
		B2F129931BB4EB430041EBE6 /* JTCalendarWeekDayView.h */ = {isa = PBXFileReference; fileEncoding = 4; lastKnownFileType = sourcecode.c.h; path = JTCalendarWeekDayView.h; sourceTree = "<group>"; };
		B2F129941BB4EB430041EBE6 /* JTCalendarWeekDayView.m */ = {isa = PBXFileReference; fileEncoding = 4; lastKnownFileType = sourcecode.c.objc; path = JTCalendarWeekDayView.m; sourceTree = "<group>"; };
		B2F129951BB4EB430041EBE6 /* JTCalendarWeekView.h */ = {isa = PBXFileReference; fileEncoding = 4; lastKnownFileType = sourcecode.c.h; path = JTCalendarWeekView.h; sourceTree = "<group>"; };
		B2F129961BB4EB430041EBE6 /* JTCalendarWeekView.m */ = {isa = PBXFileReference; fileEncoding = 4; lastKnownFileType = sourcecode.c.objc; path = JTCalendarWeekView.m; sourceTree = "<group>"; };
		B2F129971BB4EB430041EBE6 /* JTHorizontalCalendarView.h */ = {isa = PBXFileReference; fileEncoding = 4; lastKnownFileType = sourcecode.c.h; path = JTHorizontalCalendarView.h; sourceTree = "<group>"; };
		B2F129981BB4EB430041EBE6 /* JTHorizontalCalendarView.m */ = {isa = PBXFileReference; fileEncoding = 4; lastKnownFileType = sourcecode.c.objc; path = JTHorizontalCalendarView.m; sourceTree = "<group>"; };
		B2F129991BB4EB430041EBE6 /* JTVerticalCalendarView.h */ = {isa = PBXFileReference; fileEncoding = 4; lastKnownFileType = sourcecode.c.h; path = JTVerticalCalendarView.h; sourceTree = "<group>"; };
		B2F1299A1BB4EB430041EBE6 /* JTVerticalCalendarView.m */ = {isa = PBXFileReference; fileEncoding = 4; lastKnownFileType = sourcecode.c.objc; path = JTVerticalCalendarView.m; sourceTree = "<group>"; };
		B2F56D8E1BB8C19900ECD248 /* TableViewCell.h */ = {isa = PBXFileReference; fileEncoding = 4; lastKnownFileType = sourcecode.c.h; path = TableViewCell.h; sourceTree = "<group>"; };
		B2F56D8F1BB8C19900ECD248 /* TableViewCell.m */ = {isa = PBXFileReference; fileEncoding = 4; lastKnownFileType = sourcecode.c.objc; path = TableViewCell.m; sourceTree = "<group>"; };
/* End PBXFileReference section */

/* Begin PBXFrameworksBuildPhase section */
		8B95AC581BAC2339001D54E2 /* Frameworks */ = {
			isa = PBXFrameworksBuildPhase;
			buildActionMask = 2147483647;
			files = (
				8BDD28AC1BB2384C008BB393 /* SystemConfiguration.framework in Frameworks */,
				8BDD28AA1BB2383F008BB393 /* AudioToolbox.framework in Frameworks */,
				8BDD28A81BB2382D008BB393 /* libsqlite3.dylib in Frameworks */,
				8BDD28A51BB2381E008BB393 /* Bolts.framework in Frameworks */,
				8BDD28A61BB2381E008BB393 /* Parse.framework in Frameworks */,
			);
			runOnlyForDeploymentPostprocessing = 0;
		};
		8B95AC741BAC233A001D54E2 /* Frameworks */ = {
			isa = PBXFrameworksBuildPhase;
			buildActionMask = 2147483647;
			files = (
			);
			runOnlyForDeploymentPostprocessing = 0;
		};
/* End PBXFrameworksBuildPhase section */

/* Begin PBXGroup section */
		8B01DCBD1BC2EBF200B83477 /* JCTagListView */ = {
			isa = PBXGroup;
			children = (
				8B01DCBE1BC2EC0800B83477 /* JCCollectionViewTagFlowLayout.h */,
				8B01DCBF1BC2EC0800B83477 /* JCCollectionViewTagFlowLayout.m */,
				8B01DCC01BC2EC0800B83477 /* JCTagCell.h */,
				8B01DCC11BC2EC0800B83477 /* JCTagCell.m */,
				8B01DCC21BC2EC0800B83477 /* JCTagListView.h */,
				8B01DCC31BC2EC0800B83477 /* JCTagListView.m */,
			);
			name = JCTagListView;
			sourceTree = "<group>";
		};
		8B7D10221BBA2E9500F6C977 /* ZTQuickControl */ = {
			isa = PBXGroup;
			children = (
				8B7D10231BBA2EA700F6C977 /* UIImageButton.h */,
				8B7D10241BBA2EA700F6C977 /* UIImageButton.m */,
				8B7D10251BBA2EA700F6C977 /* UIView+ZTExtension.h */,
				8B7D10261BBA2EA700F6C977 /* UIView+ZTExtension.m */,
				8B7D10271BBA2EA700F6C977 /* UIView+ZTQuickControl.h */,
				8B7D10281BBA2EA700F6C977 /* UIView+ZTQuickControl.m */,
				8B7D10291BBA2EA700F6C977 /* ZTButton.h */,
				8B7D102A1BBA2EA700F6C977 /* ZTButton.m */,
				8B7D102B1BBA2EA700F6C977 /* ZTQuickControl.h */,
			);
			name = ZTQuickControl;
			sourceTree = "<group>";
		};
		8B7D10301BBA31CD00F6C977 /* ZJscrollView */ = {
			isa = PBXGroup;
			children = (
				8B7D10311BBA31E100F6C977 /* ZJLoopScrollView.h */,
				8B7D10321BBA31E100F6C977 /* ZJLoopScrollView.m */,
			);
			name = ZJscrollView;
			sourceTree = "<group>";
		};
		8B95AC521BAC2339001D54E2 = {
			isa = PBXGroup;
			children = (
				8B95AC5D1BAC233A001D54E2 /* OneDay */,
				8B95AC7A1BAC233A001D54E2 /* OneDayTests */,
				8B95AC5C1BAC233A001D54E2 /* Products */,
			);
			sourceTree = "<group>";
		};
		8B95AC5C1BAC233A001D54E2 /* Products */ = {
			isa = PBXGroup;
			children = (
				8B95AC5B1BAC233A001D54E2 /* OneDay.app */,
				8B95AC771BAC233A001D54E2 /* OneDayTests.xctest */,
			);
			name = Products;
			sourceTree = "<group>";
		};
		8B95AC5D1BAC233A001D54E2 /* OneDay */ = {
			isa = PBXGroup;
			children = (
				8BDD28A21BB23694008BB393 /* FrameWork */,
				8BDD282E1BB234AA008BB393 /* Model */,
				8BDD28771BB23575008BB393 /* View */,
				8BDD284E1BB23575008BB393 /* Controller */,
				8BDD28261BB234AA008BB393 /* Constans */,
				8BDD28311BB234AA008BB393 /* Untlity */,
				8B95AC5E1BAC233A001D54E2 /* Supporting Files */,
			);
			path = OneDay;
			sourceTree = "<group>";
		};
		8B95AC5E1BAC233A001D54E2 /* Supporting Files */ = {
			isa = PBXGroup;
			children = (
				8B95AC621BAC233A001D54E2 /* AppDelegate.h */,
				8B95AC631BAC233A001D54E2 /* AppDelegate.m */,
				B2A3C3751BB128A6009E205D /* PrefixHeader.pch */,
				8B95AC5F1BAC233A001D54E2 /* Info.plist */,
				8BDD28151BB234AA008BB393 /* 3rd */,
				8B95AC601BAC233A001D54E2 /* main.m */,
			);
			name = "Supporting Files";
			sourceTree = "<group>";
		};
		8B95AC7A1BAC233A001D54E2 /* OneDayTests */ = {
			isa = PBXGroup;
			children = (
				8B95AC7D1BAC233A001D54E2 /* OneDayTests.m */,
				8B95AC7B1BAC233A001D54E2 /* Supporting Files */,
			);
			path = OneDayTests;
			sourceTree = "<group>";
		};
		8B95AC7B1BAC233A001D54E2 /* Supporting Files */ = {
			isa = PBXGroup;
			children = (
				8B95AC7C1BAC233A001D54E2 /* Info.plist */,
			);
			name = "Supporting Files";
			sourceTree = "<group>";
		};
		8BDD28151BB234AA008BB393 /* 3rd */ = {
			isa = PBXGroup;
			children = (
				8B01DCBD1BC2EBF200B83477 /* JCTagListView */,
				B2F129751BB4EAF60041EBE6 /* Views */,
				B2F129741BB4EAE80041EBE6 /* Protocols */,
				B2F129731BB4EAD70041EBE6 /* Managers */,
				B2F129721BB4EAC60041EBE6 /* JTCalendar */,
				8BDD28161BB234AA008BB393 /* ECSlidingViewController */,
				8BDD28241BB234AA008BB393 /* WZFlashButton.h */,
				8BDD28251BB234AA008BB393 /* WZFlashButton.m */,
			);
			path = 3rd;
			sourceTree = "<group>";
		};
		8BDD28161BB234AA008BB393 /* ECSlidingViewController */ = {
			isa = PBXGroup;
			children = (
				8BDD28171BB234AA008BB393 /* ECPercentDrivenInteractiveTransition.h */,
				8BDD28181BB234AA008BB393 /* ECPercentDrivenInteractiveTransition.m */,
				8BDD28191BB234AA008BB393 /* ECSlidingAnimationController.h */,
				8BDD281A1BB234AA008BB393 /* ECSlidingAnimationController.m */,
				8BDD281B1BB234AA008BB393 /* ECSlidingConstants.h */,
				8BDD281C1BB234AA008BB393 /* ECSlidingInteractiveTransition.h */,
				8BDD281D1BB234AA008BB393 /* ECSlidingInteractiveTransition.m */,
				8BDD281E1BB234AA008BB393 /* ECSlidingSegue.h */,
				8BDD281F1BB234AA008BB393 /* ECSlidingSegue.m */,
				8BDD28201BB234AA008BB393 /* ECSlidingViewController.h */,
				8BDD28211BB234AA008BB393 /* ECSlidingViewController.m */,
				8BDD28221BB234AA008BB393 /* UIViewController+ECSlidingViewController.h */,
				8BDD28231BB234AA008BB393 /* UIViewController+ECSlidingViewController.m */,
			);
			path = ECSlidingViewController;
			sourceTree = "<group>";
		};
		8BDD28261BB234AA008BB393 /* Constans */ = {
			isa = PBXGroup;
			children = (
				8BDD28271BB234AA008BB393 /* Constants.h */,
			);
			path = Constans;
			sourceTree = "<group>";
		};
		8BDD282E1BB234AA008BB393 /* Model */ = {
			isa = PBXGroup;
			children = (
				8BDD282F1BB234AA008BB393 /* OneDay.xcdatamodeld */,
			);
			path = Model;
			sourceTree = "<group>";
		};
		8BDD28311BB234AA008BB393 /* Untlity */ = {
			isa = PBXGroup;
			children = (
				8BDD28321BB234AA008BB393 /* storageMgr.h */,
				8BDD28331BB234AA008BB393 /* storageMgr.m */,
				8BDD28341BB234AA008BB393 /* Utilities.h */,
				8BDD28351BB234AA008BB393 /* Utilities.m */,
				8BE797E61BC61FCB00DBFF8C /* NSDate+Utility.h */,
				8BE797E71BC61FCB00DBFF8C /* NSDate+Utility.m */,
				8BE797E81BC61FCB00DBFF8C /* NSDateFormatter+Category.h */,
				8BE797E91BC61FCB00DBFF8C /* NSDateFormatter+Category.m */,
			);
			path = Untlity;
			sourceTree = "<group>";
		};
		8BDD284E1BB23575008BB393 /* Controller */ = {
			isa = PBXGroup;
			children = (
				8BDD28AE1BB23977008BB393 /* logIn */,
				8BDD28B11BB23A64008BB393 /* cellAndNavigation */,
				8BDD28B01BB23A18008BB393 /* tabView */,
				8BDD28AF1BB239B9008BB393 /* leftSetting */,
				8BDD28AD1BB2392D008BB393 /* Splashscreen */,
				8B7D10301BBA31CD00F6C977 /* ZJscrollView */,
				8B7D10221BBA2E9500F6C977 /* ZTQuickControl */,
			);
			path = Controller;
			sourceTree = "<group>";
		};
		8BDD28771BB23575008BB393 /* View */ = {
			isa = PBXGroup;
			children = (
				8BDD287F1BB23575008BB393 /* Main.storyboard */,
				8BDD287E1BB23575008BB393 /* LaunchScreen.xib */,
				8BDD287D1BB23575008BB393 /* Images.xcassets */,
				889D6E591BB24639001C4244 /* 1.png */,
				889D6E5F1BB27460001C4244 /* 2.png */,
				8BDD287A1BB23575008BB393 /* 3.png */,
				889D6E5D1BB2741D001C4244 /* 4.png */,
				8BDD287B1BB23575008BB393 /* 5.png */,
				8B7D10361BBA5F7500F6C977 /* newWorld.png */,
			);
			path = View;
			sourceTree = "<group>";
		};
		8BDD28A21BB23694008BB393 /* FrameWork */ = {
			isa = PBXGroup;
			children = (
				8BDD28AB1BB2384C008BB393 /* SystemConfiguration.framework */,
				8BDD28A91BB2383F008BB393 /* AudioToolbox.framework */,
				8BDD28A71BB2382D008BB393 /* libsqlite3.dylib */,
				8BDD28A31BB2381E008BB393 /* Bolts.framework */,
				8BDD28A41BB2381E008BB393 /* Parse.framework */,
			);
			name = FrameWork;
			sourceTree = "<group>";
		};
		8BDD28AD1BB2392D008BB393 /* Splashscreen */ = {
			isa = PBXGroup;
			children = (
				8BDD286D1BB23575008BB393 /* SplashscreenViewController.h */,
				8BDD286E1BB23575008BB393 /* SplashscreenViewController.m */,
				8BDD28731BB23575008BB393 /* UIView+FrameExpand.h */,
				8BDD28741BB23575008BB393 /* UIView+FrameExpand.m */,
				8BDD28551BB23575008BB393 /* HMImageModel.h */,
				8BDD28561BB23575008BB393 /* HMImageModel.m */,
			);
			name = Splashscreen;
			sourceTree = "<group>";
		};
		8BDD28AE1BB23977008BB393 /* logIn */ = {
			isa = PBXGroup;
			children = (
				8BDD28571BB23575008BB393 /* introduceViewController.h */,
				8BDD28581BB23575008BB393 /* introduceViewController.m */,
				8BDD285D1BB23575008BB393 /* logInViewController.h */,
				8BDD285E1BB23575008BB393 /* logInViewController.m */,
				8BDD28671BB23575008BB393 /* registerViewController.h */,
				8BDD28681BB23575008BB393 /* registerViewController.m */,
				8BDD28691BB23575008BB393 /* setDayListViewController.h */,
				8BDD286A1BB23575008BB393 /* setDayListViewController.m */,
			);
			name = logIn;
			sourceTree = "<group>";
		};
		8BDD28AF1BB239B9008BB393 /* leftSetting */ = {
			isa = PBXGroup;
			children = (
				8BDD285B1BB23575008BB393 /* leftViewController.h */,
				8BDD285C1BB23575008BB393 /* leftViewController.m */,
				8BDD285F1BB23575008BB393 /* myAccountViewController.h */,
				8BDD28601BB23575008BB393 /* myAccountViewController.m */,
				8BDD28631BB23575008BB393 /* personalDataViewController.h */,
				8BDD28641BB23575008BB393 /* personalDataViewController.m */,
				8BDD286B1BB23575008BB393 /* settingUpViewController.h */,
				8BDD286C1BB23575008BB393 /* settingUpViewController.m */,
				8B3D6E101BB8D6000090D3EB /* ChangePasswordViewController.h */,
				8B3D6E111BB8D6000090D3EB /* ChangePasswordViewController.m */,
			);
			name = leftSetting;
			sourceTree = "<group>";
		};
		8BDD28B01BB23A18008BB393 /* tabView */ = {
			isa = PBXGroup;
			children = (
				8BDD286F1BB23575008BB393 /* TabBarController.h */,
				8BDD28701BB23575008BB393 /* TabBarController.m */,
				8BDD28611BB23575008BB393 /* navigationController.h */,
				8BDD28621BB23575008BB393 /* navigationController.m */,
				8BDD28531BB23575008BB393 /* dayListViewController.h */,
				8BDD28541BB23575008BB393 /* dayListViewController.m */,
				8BDD28751BB23575008BB393 /* weekDaysViewController.h */,
				8BDD28761BB23575008BB393 /* weekDaysViewController.m */,
				8BDD284F1BB23575008BB393 /* calendarViewController.h */,
				8BDD28501BB23575008BB393 /* calendarViewController.m */,
				8BDD28591BB23575008BB393 /* issueViewController.h */,
				8BDD285A1BB23575008BB393 /* issueViewController.m */,
				8BDD28651BB23575008BB393 /* pickDateViewController.h */,
				8BDD28661BB23575008BB393 /* pickDateViewController.m */,
			);
			name = tabView;
			sourceTree = "<group>";
		};
		8BDD28B11BB23A64008BB393 /* cellAndNavigation */ = {
			isa = PBXGroup;
			children = (
				B2F56D8E1BB8C19900ECD248 /* TableViewCell.h */,
				B2F56D8F1BB8C19900ECD248 /* TableViewCell.m */,
			);
			name = cellAndNavigation;
			sourceTree = "<group>";
		};
		B2F129721BB4EAC60041EBE6 /* JTCalendar */ = {
			isa = PBXGroup;
			children = (
				B2F129761BB4EB0A0041EBE6 /* JTCalendar.h */,
				B2F129771BB4EB0A0041EBE6 /* JTCalendarDelegate.h */,
				B2F129781BB4EB0A0041EBE6 /* JTCalendarManager.h */,
				B2F129791BB4EB0A0041EBE6 /* JTCalendarManager.m */,
				B2F1297A1BB4EB0A0041EBE6 /* JTCalendarSettings.h */,
				B2F1297B1BB4EB0A0041EBE6 /* JTCalendarSettings.m */,
				B2F1297C1BB4EB0A0041EBE6 /* JTDateHelper.h */,
				B2F1297D1BB4EB0A0041EBE6 /* JTDateHelper.m */,
			);
			name = JTCalendar;
			sourceTree = "<group>";
		};
		B2F129731BB4EAD70041EBE6 /* Managers */ = {
			isa = PBXGroup;
			children = (
				B2F129811BB4EB210041EBE6 /* JTCalendarDelegateManager.h */,
				B2F129821BB4EB210041EBE6 /* JTCalendarDelegateManager.m */,
				B2F129831BB4EB210041EBE6 /* JTCalendarScrollManager.h */,
				B2F129841BB4EB210041EBE6 /* JTCalendarScrollManager.m */,
			);
			name = Managers;
			sourceTree = "<group>";
		};
		B2F129741BB4EAE80041EBE6 /* Protocols */ = {
			isa = PBXGroup;
			children = (
				B2F129871BB4EB2F0041EBE6 /* JTCalendarDay.h */,
				B2F129881BB4EB2F0041EBE6 /* JTCalendarPage.h */,
				B2F129891BB4EB2F0041EBE6 /* JTCalendarWeek.h */,
				B2F1298A1BB4EB2F0041EBE6 /* JTCalendarWeekDay.h */,
				B2F1298B1BB4EB2F0041EBE6 /* JTContent.h */,
				B2F1298C1BB4EB2F0041EBE6 /* JTMenu.h */,
			);
			name = Protocols;
			sourceTree = "<group>";
		};
		B2F129751BB4EAF60041EBE6 /* Views */ = {
			isa = PBXGroup;
			children = (
				B2F1298D1BB4EB430041EBE6 /* JTCalendarDayView.h */,
				B2F1298E1BB4EB430041EBE6 /* JTCalendarDayView.m */,
				B2F1298F1BB4EB430041EBE6 /* JTCalendarMenuView.h */,
				B2F129901BB4EB430041EBE6 /* JTCalendarMenuView.m */,
				B2F129911BB4EB430041EBE6 /* JTCalendarPageView.h */,
				B2F129921BB4EB430041EBE6 /* JTCalendarPageView.m */,
				B2F129931BB4EB430041EBE6 /* JTCalendarWeekDayView.h */,
				B2F129941BB4EB430041EBE6 /* JTCalendarWeekDayView.m */,
				B2F129951BB4EB430041EBE6 /* JTCalendarWeekView.h */,
				B2F129961BB4EB430041EBE6 /* JTCalendarWeekView.m */,
				B2F129971BB4EB430041EBE6 /* JTHorizontalCalendarView.h */,
				B2F129981BB4EB430041EBE6 /* JTHorizontalCalendarView.m */,
				B2F129991BB4EB430041EBE6 /* JTVerticalCalendarView.h */,
				B2F1299A1BB4EB430041EBE6 /* JTVerticalCalendarView.m */,
			);
			name = Views;
			sourceTree = "<group>";
		};
/* End PBXGroup section */

/* Begin PBXNativeTarget section */
		8B95AC5A1BAC2339001D54E2 /* OneDay */ = {
			isa = PBXNativeTarget;
			buildConfigurationList = 8B95AC811BAC233A001D54E2 /* Build configuration list for PBXNativeTarget "OneDay" */;
			buildPhases = (
				8B95AC571BAC2339001D54E2 /* Sources */,
				8B95AC581BAC2339001D54E2 /* Frameworks */,
				8B95AC591BAC2339001D54E2 /* Resources */,
			);
			buildRules = (
			);
			dependencies = (
			);
			name = OneDay;
			productName = OneDay;
			productReference = 8B95AC5B1BAC233A001D54E2 /* OneDay.app */;
			productType = "com.apple.product-type.application";
		};
		8B95AC761BAC233A001D54E2 /* OneDayTests */ = {
			isa = PBXNativeTarget;
			buildConfigurationList = 8B95AC841BAC233A001D54E2 /* Build configuration list for PBXNativeTarget "OneDayTests" */;
			buildPhases = (
				8B95AC731BAC233A001D54E2 /* Sources */,
				8B95AC741BAC233A001D54E2 /* Frameworks */,
				8B95AC751BAC233A001D54E2 /* Resources */,
			);
			buildRules = (
			);
			dependencies = (
				8B95AC791BAC233A001D54E2 /* PBXTargetDependency */,
			);
			name = OneDayTests;
			productName = OneDayTests;
			productReference = 8B95AC771BAC233A001D54E2 /* OneDayTests.xctest */;
			productType = "com.apple.product-type.bundle.unit-test";
		};
/* End PBXNativeTarget section */

/* Begin PBXProject section */
		8B95AC531BAC2339001D54E2 /* Project object */ = {
			isa = PBXProject;
			attributes = {
				LastUpgradeCheck = 0640;
				ORGANIZATIONNAME = Mr.ZhixinDuan;
				TargetAttributes = {
					8B95AC5A1BAC2339001D54E2 = {
						CreatedOnToolsVersion = 6.4;
					};
					8B95AC761BAC233A001D54E2 = {
						CreatedOnToolsVersion = 6.4;
						TestTargetID = 8B95AC5A1BAC2339001D54E2;
					};
				};
			};
			buildConfigurationList = 8B95AC561BAC2339001D54E2 /* Build configuration list for PBXProject "OneDay" */;
			compatibilityVersion = "Xcode 3.2";
			developmentRegion = English;
			hasScannedForEncodings = 0;
			knownRegions = (
				en,
				Base,
			);
			mainGroup = 8B95AC521BAC2339001D54E2;
			productRefGroup = 8B95AC5C1BAC233A001D54E2 /* Products */;
			projectDirPath = "";
			projectRoot = "";
			targets = (
				8B95AC5A1BAC2339001D54E2 /* OneDay */,
				8B95AC761BAC233A001D54E2 /* OneDayTests */,
			);
		};
/* End PBXProject section */

/* Begin PBXResourcesBuildPhase section */
		8B95AC591BAC2339001D54E2 /* Resources */ = {
			isa = PBXResourcesBuildPhase;
			buildActionMask = 2147483647;
			files = (
				8BDD28971BB23575008BB393 /* 5.png in Resources */,
				8B7D10371BBA5F7500F6C977 /* newWorld.png in Resources */,
				889D6E5A1BB24639001C4244 /* 1.png in Resources */,
				889D6E601BB27460001C4244 /* 2.png in Resources */,
				8BDD28961BB23575008BB393 /* 3.png in Resources */,
				8BDD289B1BB23575008BB393 /* Main.storyboard in Resources */,
				8BDD289A1BB23575008BB393 /* LaunchScreen.xib in Resources */,
				889D6E5E1BB2741D001C4244 /* 4.png in Resources */,
				8BDD28991BB23575008BB393 /* Images.xcassets in Resources */,
			);
			runOnlyForDeploymentPostprocessing = 0;
		};
		8B95AC751BAC233A001D54E2 /* Resources */ = {
			isa = PBXResourcesBuildPhase;
			buildActionMask = 2147483647;
			files = (
			);
			runOnlyForDeploymentPostprocessing = 0;
		};
/* End PBXResourcesBuildPhase section */

/* Begin PBXSourcesBuildPhase section */
		8B95AC571BAC2339001D54E2 /* Sources */ = {
			isa = PBXSourcesBuildPhase;
			buildActionMask = 2147483647;
			files = (
				8BDD288D1BB23575008BB393 /* setDayListViewController.m in Sources */,
				8BDD288F1BB23575008BB393 /* SplashscreenViewController.m in Sources */,
				8B7D102E1BBA2EA700F6C977 /* UIView+ZTQuickControl.m in Sources */,
				8BDD283E1BB234AA008BB393 /* ECSlidingInteractiveTransition.m in Sources */,
				8B95AC641BAC233A001D54E2 /* AppDelegate.m in Sources */,
				B2F1299C1BB4EB430041EBE6 /* JTCalendarMenuView.m in Sources */,
				B2F1299E1BB4EB430041EBE6 /* JTCalendarWeekDayView.m in Sources */,
				8B7D102D1BBA2EA700F6C977 /* UIView+ZTExtension.m in Sources */,
				8BDD28841BB23575008BB393 /* introduceViewController.m in Sources */,
				8BDD288A1BB23575008BB393 /* personalDataViewController.m in Sources */,
				B2F1297E1BB4EB0A0041EBE6 /* JTCalendarManager.m in Sources */,
				B2F56D901BB8C19900ECD248 /* TableViewCell.m in Sources */,
				8B01DCC41BC2EC0800B83477 /* JCCollectionViewTagFlowLayout.m in Sources */,
				8BDD28831BB23575008BB393 /* HMImageModel.m in Sources */,
				8BDD28871BB23575008BB393 /* logInViewController.m in Sources */,
				8BDD28471BB234AA008BB393 /* storageMgr.m in Sources */,
				8BDD28821BB23575008BB393 /* dayListViewController.m in Sources */,
				8BDD28901BB23575008BB393 /* TabBarController.m in Sources */,
				8BDD288E1BB23575008BB393 /* settingUpViewController.m in Sources */,
				8BDD28401BB234AA008BB393 /* ECSlidingViewController.m in Sources */,
				B2F129801BB4EB0A0041EBE6 /* JTDateHelper.m in Sources */,
				8BDD28861BB23575008BB393 /* leftViewController.m in Sources */,
				B2F129861BB4EB210041EBE6 /* JTCalendarScrollManager.m in Sources */,
				B2F129A11BB4EB430041EBE6 /* JTVerticalCalendarView.m in Sources */,
				8BDD28931BB23575008BB393 /* weekDaysViewController.m in Sources */,
				8BE797EA1BC61FCB00DBFF8C /* NSDate+Utility.m in Sources */,
				B2F129A01BB4EB430041EBE6 /* JTHorizontalCalendarView.m in Sources */,
				8BDD283F1BB234AA008BB393 /* ECSlidingSegue.m in Sources */,
				8B7D102F1BBA2EA700F6C977 /* ZTButton.m in Sources */,
				8B95AC611BAC233A001D54E2 /* main.m in Sources */,
				8B7D102C1BBA2EA700F6C977 /* UIImageButton.m in Sources */,
				8BDD28921BB23575008BB393 /* UIView+FrameExpand.m in Sources */,
				8BDD28461BB234AA008BB393 /* OneDay.xcdatamodeld in Sources */,
				8BDD288C1BB23575008BB393 /* registerViewController.m in Sources */,
				8BDD283C1BB234AA008BB393 /* ECPercentDrivenInteractiveTransition.m in Sources */,
				B2F129851BB4EB210041EBE6 /* JTCalendarDelegateManager.m in Sources */,
				8BDD28881BB23575008BB393 /* myAccountViewController.m in Sources */,
				B2F1299B1BB4EB430041EBE6 /* JTCalendarDayView.m in Sources */,
				8BDD28411BB234AA008BB393 /* UIViewController+ECSlidingViewController.m in Sources */,
				8B7D10331BBA31E100F6C977 /* ZJLoopScrollView.m in Sources */,
				8BDD28891BB23575008BB393 /* navigationController.m in Sources */,
				8BDD28421BB234AA008BB393 /* WZFlashButton.m in Sources */,
				8BDD28481BB234AA008BB393 /* Utilities.m in Sources */,
				B2F1299F1BB4EB430041EBE6 /* JTCalendarWeekView.m in Sources */,
				8BDD28851BB23575008BB393 /* issueViewController.m in Sources */,
				8BDD28801BB23575008BB393 /* calendarViewController.m in Sources */,
				B2F1297F1BB4EB0A0041EBE6 /* JTCalendarSettings.m in Sources */,
				8BE797EB1BC61FCB00DBFF8C /* NSDateFormatter+Category.m in Sources */,
				8B01DCC51BC2EC0800B83477 /* JCTagCell.m in Sources */,
				8BDD283D1BB234AA008BB393 /* ECSlidingAnimationController.m in Sources */,
				8B01DCC61BC2EC0800B83477 /* JCTagListView.m in Sources */,
				8BDD288B1BB23575008BB393 /* pickDateViewController.m in Sources */,
				8B3D6E121BB8D6000090D3EB /* ChangePasswordViewController.m in Sources */,
				B2F1299D1BB4EB430041EBE6 /* JTCalendarPageView.m in Sources */,
			);
			runOnlyForDeploymentPostprocessing = 0;
		};
		8B95AC731BAC233A001D54E2 /* Sources */ = {
			isa = PBXSourcesBuildPhase;
			buildActionMask = 2147483647;
			files = (
				8B95AC7E1BAC233A001D54E2 /* OneDayTests.m in Sources */,
			);
			runOnlyForDeploymentPostprocessing = 0;
		};
/* End PBXSourcesBuildPhase section */

/* Begin PBXTargetDependency section */
		8B95AC791BAC233A001D54E2 /* PBXTargetDependency */ = {
			isa = PBXTargetDependency;
			target = 8B95AC5A1BAC2339001D54E2 /* OneDay */;
			targetProxy = 8B95AC781BAC233A001D54E2 /* PBXContainerItemProxy */;
		};
/* End PBXTargetDependency section */

/* Begin XCBuildConfiguration section */
		8B95AC7F1BAC233A001D54E2 /* Debug */ = {
			isa = XCBuildConfiguration;
			buildSettings = {
				ALWAYS_SEARCH_USER_PATHS = NO;
				CLANG_CXX_LANGUAGE_STANDARD = "gnu++0x";
				CLANG_CXX_LIBRARY = "libc++";
				CLANG_ENABLE_MODULES = YES;
				CLANG_ENABLE_OBJC_ARC = YES;
				CLANG_WARN_BOOL_CONVERSION = YES;
				CLANG_WARN_CONSTANT_CONVERSION = YES;
				CLANG_WARN_DIRECT_OBJC_ISA_USAGE = YES_ERROR;
				CLANG_WARN_EMPTY_BODY = YES;
				CLANG_WARN_ENUM_CONVERSION = YES;
				CLANG_WARN_INT_CONVERSION = YES;
				CLANG_WARN_OBJC_ROOT_CLASS = YES_ERROR;
				CLANG_WARN_UNREACHABLE_CODE = YES;
				CLANG_WARN__DUPLICATE_METHOD_MATCH = YES;
				"CODE_SIGN_IDENTITY[sdk=iphoneos*]" = "iPhone Developer";
				COPY_PHASE_STRIP = NO;
				DEBUG_INFORMATION_FORMAT = "dwarf-with-dsym";
				ENABLE_STRICT_OBJC_MSGSEND = YES;
				GCC_C_LANGUAGE_STANDARD = gnu99;
				GCC_DYNAMIC_NO_PIC = NO;
				GCC_NO_COMMON_BLOCKS = YES;
				GCC_OPTIMIZATION_LEVEL = 0;
				GCC_PREPROCESSOR_DEFINITIONS = (
					"DEBUG=1",
					"$(inherited)",
				);
				GCC_SYMBOLS_PRIVATE_EXTERN = NO;
				GCC_WARN_64_TO_32_BIT_CONVERSION = YES;
				GCC_WARN_ABOUT_RETURN_TYPE = YES_ERROR;
				GCC_WARN_UNDECLARED_SELECTOR = YES;
				GCC_WARN_UNINITIALIZED_AUTOS = YES_AGGRESSIVE;
				GCC_WARN_UNUSED_FUNCTION = YES;
				GCC_WARN_UNUSED_VARIABLE = YES;
				IPHONEOS_DEPLOYMENT_TARGET = 8.4;
				MTL_ENABLE_DEBUG_INFO = YES;
				ONLY_ACTIVE_ARCH = YES;
				SDKROOT = iphoneos;
				TARGETED_DEVICE_FAMILY = "1,2";
			};
			name = Debug;
		};
		8B95AC801BAC233A001D54E2 /* Release */ = {
			isa = XCBuildConfiguration;
			buildSettings = {
				ALWAYS_SEARCH_USER_PATHS = NO;
				CLANG_CXX_LANGUAGE_STANDARD = "gnu++0x";
				CLANG_CXX_LIBRARY = "libc++";
				CLANG_ENABLE_MODULES = YES;
				CLANG_ENABLE_OBJC_ARC = YES;
				CLANG_WARN_BOOL_CONVERSION = YES;
				CLANG_WARN_CONSTANT_CONVERSION = YES;
				CLANG_WARN_DIRECT_OBJC_ISA_USAGE = YES_ERROR;
				CLANG_WARN_EMPTY_BODY = YES;
				CLANG_WARN_ENUM_CONVERSION = YES;
				CLANG_WARN_INT_CONVERSION = YES;
				CLANG_WARN_OBJC_ROOT_CLASS = YES_ERROR;
				CLANG_WARN_UNREACHABLE_CODE = YES;
				CLANG_WARN__DUPLICATE_METHOD_MATCH = YES;
				"CODE_SIGN_IDENTITY[sdk=iphoneos*]" = "iPhone Developer";
				COPY_PHASE_STRIP = NO;
				DEBUG_INFORMATION_FORMAT = "dwarf-with-dsym";
				ENABLE_NS_ASSERTIONS = NO;
				ENABLE_STRICT_OBJC_MSGSEND = YES;
				GCC_C_LANGUAGE_STANDARD = gnu99;
				GCC_NO_COMMON_BLOCKS = YES;
				GCC_WARN_64_TO_32_BIT_CONVERSION = YES;
				GCC_WARN_ABOUT_RETURN_TYPE = YES_ERROR;
				GCC_WARN_UNDECLARED_SELECTOR = YES;
				GCC_WARN_UNINITIALIZED_AUTOS = YES_AGGRESSIVE;
				GCC_WARN_UNUSED_FUNCTION = YES;
				GCC_WARN_UNUSED_VARIABLE = YES;
				IPHONEOS_DEPLOYMENT_TARGET = 8.4;
				MTL_ENABLE_DEBUG_INFO = NO;
				SDKROOT = iphoneos;
				TARGETED_DEVICE_FAMILY = "1,2";
				VALIDATE_PRODUCT = YES;
			};
			name = Release;
		};
		8B95AC821BAC233A001D54E2 /* Debug */ = {
			isa = XCBuildConfiguration;
			buildSettings = {
				ASSETCATALOG_COMPILER_APPICON_NAME = AppIcon;
				FRAMEWORK_SEARCH_PATHS = (
					"$(inherited)",
					"$(PROJECT_DIR)",
					"$(PROJECT_DIR)/OneDay/Framework",
					"$(PROJECT_DIR)/OneDay",
				);
				GCC_PRECOMPILE_PREFIX_HEADER = YES;
				GCC_PREFIX_HEADER = OneDay/PrefixHeader.pch;
				INFOPLIST_FILE = OneDay/Info.plist;
				LD_RUNPATH_SEARCH_PATHS = "$(inherited) @executable_path/Frameworks";
				PRODUCT_NAME = "$(TARGET_NAME)";
			};
			name = Debug;
		};
		8B95AC831BAC233A001D54E2 /* Release */ = {
			isa = XCBuildConfiguration;
			buildSettings = {
				ASSETCATALOG_COMPILER_APPICON_NAME = AppIcon;
				FRAMEWORK_SEARCH_PATHS = (
					"$(inherited)",
					"$(PROJECT_DIR)",
					"$(PROJECT_DIR)/OneDay/Framework",
					"$(PROJECT_DIR)/OneDay",
				);
				GCC_PRECOMPILE_PREFIX_HEADER = YES;
				GCC_PREFIX_HEADER = OneDay/PrefixHeader.pch;
				INFOPLIST_FILE = OneDay/Info.plist;
				LD_RUNPATH_SEARCH_PATHS = "$(inherited) @executable_path/Frameworks";
				PRODUCT_NAME = "$(TARGET_NAME)";
			};
			name = Release;
		};
		8B95AC851BAC233A001D54E2 /* Debug */ = {
			isa = XCBuildConfiguration;
			buildSettings = {
				BUNDLE_LOADER = "$(TEST_HOST)";
				FRAMEWORK_SEARCH_PATHS = (
					"$(SDKROOT)/Developer/Library/Frameworks",
					"$(inherited)",
				);
				GCC_PREPROCESSOR_DEFINITIONS = (
					"DEBUG=1",
					"$(inherited)",
				);
				INFOPLIST_FILE = OneDayTests/Info.plist;
				LD_RUNPATH_SEARCH_PATHS = "$(inherited) @executable_path/Frameworks @loader_path/Frameworks";
				PRODUCT_NAME = "$(TARGET_NAME)";
				TEST_HOST = "$(BUILT_PRODUCTS_DIR)/OneDay.app/OneDay";
			};
			name = Debug;
		};
		8B95AC861BAC233A001D54E2 /* Release */ = {
			isa = XCBuildConfiguration;
			buildSettings = {
				BUNDLE_LOADER = "$(TEST_HOST)";
				FRAMEWORK_SEARCH_PATHS = (
					"$(SDKROOT)/Developer/Library/Frameworks",
					"$(inherited)",
				);
				INFOPLIST_FILE = OneDayTests/Info.plist;
				LD_RUNPATH_SEARCH_PATHS = "$(inherited) @executable_path/Frameworks @loader_path/Frameworks";
				PRODUCT_NAME = "$(TARGET_NAME)";
				TEST_HOST = "$(BUILT_PRODUCTS_DIR)/OneDay.app/OneDay";
			};
			name = Release;
		};
/* End XCBuildConfiguration section */

/* Begin XCConfigurationList section */
		8B95AC561BAC2339001D54E2 /* Build configuration list for PBXProject "OneDay" */ = {
			isa = XCConfigurationList;
			buildConfigurations = (
				8B95AC7F1BAC233A001D54E2 /* Debug */,
				8B95AC801BAC233A001D54E2 /* Release */,
			);
			defaultConfigurationIsVisible = 0;
			defaultConfigurationName = Release;
		};
		8B95AC811BAC233A001D54E2 /* Build configuration list for PBXNativeTarget "OneDay" */ = {
			isa = XCConfigurationList;
			buildConfigurations = (
				8B95AC821BAC233A001D54E2 /* Debug */,
				8B95AC831BAC233A001D54E2 /* Release */,
			);
			defaultConfigurationIsVisible = 0;
			defaultConfigurationName = Release;
		};
		8B95AC841BAC233A001D54E2 /* Build configuration list for PBXNativeTarget "OneDayTests" */ = {
			isa = XCConfigurationList;
			buildConfigurations = (
				8B95AC851BAC233A001D54E2 /* Debug */,
				8B95AC861BAC233A001D54E2 /* Release */,
			);
			defaultConfigurationIsVisible = 0;
			defaultConfigurationName = Release;
		};
/* End XCConfigurationList section */

/* Begin XCVersionGroup section */
		8BDD282F1BB234AA008BB393 /* OneDay.xcdatamodeld */ = {
			isa = XCVersionGroup;
			children = (
				8BDD28301BB234AA008BB393 /* OneDay.xcdatamodel */,
			);
			currentVersion = 8BDD28301BB234AA008BB393 /* OneDay.xcdatamodel */;
			path = OneDay.xcdatamodeld;
			sourceTree = "<group>";
			versionGroupType = wrapper.xcdatamodel;
		};
/* End XCVersionGroup section */
	};
	rootObject = 8B95AC531BAC2339001D54E2 /* Project object */;
}
